
Microsoft Visual Studio Solution File, Format Version 12.00
# Visual Studio Version 16
VisualStudioVersion = 16.0.30002.166
MinimumVisualStudioVersion = 10.0.40219.1
Project("{FAE04EC0-301F-11D3-BF4B-00C04F79EFBC}") = "inclassdemo", "inclassdemo\inclassdemo.csproj", "{57540C5F-C4F3-4B34-892F-52985DBAEE40}"
EndProject
Global
	GlobalSection(SolutionConfigurationPlatforms) = preSolution
		Debug|Any CPU = Debug|Any CPU
		Release|Any CPU = Release|Any CPU
	EndGlobalSection
	GlobalSection(ProjectConfigurationPlatforms) = postSolution
		{57540C5F-C4F3-4B34-892F-52985DBAEE40}.Debug|Any CPU.ActiveCfg = Debug|Any CPU
		{57540C5F-C4F3-4B34-892F-52985DBAEE40}.Debug|Any CPU.Build.0 = Debug|Any CPU
		{57540C5F-C4F3-4B34-892F-52985DBAEE40}.Release|Any CPU.ActiveCfg = Release|Any CPU
		{57540C5F-C4F3-4B34-892F-52985DBAEE40}.Release|Any CPU.Build.0 = Release|Any CPU
	EndGlobalSection
	GlobalSection(SolutionProperties) = preSolution
		HideSolutionNode = FALSE
	EndGlobalSection
	GlobalSection(ExtensibilityGlobals) = postSolution
		SolutionGuid = {BEB944F1-68A6-409C-BE77-FB3DC00224AC}
	EndGlobalSection
EndGlobal
